
Microsoft Visual Studio Solution File, Format Version 12.00
# Visual Studio 15
VisualStudioVersion = 15.0.26730.12
MinimumVisualStudioVersion = 10.0.40219.1
Project("{FAE04EC0-301F-11D3-BF4B-00C04F79EFBC}") = "n3", "Practika\n3.csproj", "{FCB59964-E16C-461F-B76F-4A34EEA397EF}"
EndProject
Project("{FAE04EC0-301F-11D3-BF4B-00C04F79EFBC}") = "n4", "n4\n4.csproj", "{1DC906B0-2ED1-472F-9272-928699ABC927}"
EndProject
Project("{FAE04EC0-301F-11D3-BF4B-00C04F79EFBC}") = "n1", "n1\n1.csproj", "{62F2CBB4-05A5-4109-8DC6-335FDD5ACDF2}"
EndProject
Project("{FAE04EC0-301F-11D3-BF4B-00C04F79EFBC}") = "n2", "n2\n2.csproj", "{F6DDCCAD-3A97-4712-8E84-3F17717F95D1}"
EndProject
Project("{FAE04EC0-301F-11D3-BF4B-00C04F79EFBC}") = "n5", "n5\n5.csproj", "{EA3C100F-667A-4F5D-BF72-A6A3BA6BCE22}"
EndProject
Project("{FAE04EC0-301F-11D3-BF4B-00C04F79EFBC}") = "n6", "n6\n6.csproj", "{CAE0E919-5B0A-4877-AA81-8694B34572C9}"
EndProject
Project("{FAE04EC0-301F-11D3-BF4B-00C04F79EFBC}") = "n7", "n7\n7.csproj", "{09323AC6-7D86-469F-9E8C-65941EAB26E2}"
EndProject
Project("{FAE04EC0-301F-11D3-BF4B-00C04F79EFBC}") = "n11", "n11\n11.csproj", "{0E47D06F-6ED7-45EC-BE9F-BBDEBA28536B}"
EndProject
Project("{FAE04EC0-301F-11D3-BF4B-00C04F79EFBC}") = "n9", "n9\n9.csproj", "{519D3C98-4912-4B56-9B6F-92D569F9A2C8}"
EndProject
Project("{FAE04EC0-301F-11D3-BF4B-00C04F79EFBC}") = "n10", "n10\n10.csproj", "{83000670-5C3E-4C90-A9E7-8D11520DB022}"
EndProject
Project("{FAE04EC0-301F-11D3-BF4B-00C04F79EFBC}") = "n12", "n12\n12.csproj", "{72B19068-3A76-40BF-88C9-C3D97CCE9927}"
EndProject
Project("{FAE04EC0-301F-11D3-BF4B-00C04F79EFBC}") = "n8", "n8\n8.csproj", "{E67932DE-4B59-447A-A464-B45E480E45A5}"
EndProject
Global
	GlobalSection(SolutionConfigurationPlatforms) = preSolution
		Debug|Any CPU = Debug|Any CPU
		Release|Any CPU = Release|Any CPU
	EndGlobalSection
	GlobalSection(ProjectConfigurationPlatforms) = postSolution
		{FCB59964-E16C-461F-B76F-4A34EEA397EF}.Debug|Any CPU.ActiveCfg = Debug|Any CPU
		{FCB59964-E16C-461F-B76F-4A34EEA397EF}.Debug|Any CPU.Build.0 = Debug|Any CPU
		{FCB59964-E16C-461F-B76F-4A34EEA397EF}.Release|Any CPU.ActiveCfg = Release|Any CPU
		{FCB59964-E16C-461F-B76F-4A34EEA397EF}.Release|Any CPU.Build.0 = Release|Any CPU
		{1DC906B0-2ED1-472F-9272-928699ABC927}.Debug|Any CPU.ActiveCfg = Debug|Any CPU
		{1DC906B0-2ED1-472F-9272-928699ABC927}.Debug|Any CPU.Build.0 = Debug|Any CPU
		{1DC906B0-2ED1-472F-9272-928699ABC927}.Release|Any CPU.ActiveCfg = Release|Any CPU
		{1DC906B0-2ED1-472F-9272-928699ABC927}.Release|Any CPU.Build.0 = Release|Any CPU
		{62F2CBB4-05A5-4109-8DC6-335FDD5ACDF2}.Debug|Any CPU.ActiveCfg = Debug|Any CPU
		{62F2CBB4-05A5-4109-8DC6-335FDD5ACDF2}.Debug|Any CPU.Build.0 = Debug|Any CPU
		{62F2CBB4-05A5-4109-8DC6-335FDD5ACDF2}.Release|Any CPU.ActiveCfg = Release|Any CPU
		{62F2CBB4-05A5-4109-8DC6-335FDD5ACDF2}.Release|Any CPU.Build.0 = Release|Any CPU
		{F6DDCCAD-3A97-4712-8E84-3F17717F95D1}.Debug|Any CPU.ActiveCfg = Debug|Any CPU
		{F6DDCCAD-3A97-4712-8E84-3F17717F95D1}.Debug|Any CPU.Build.0 = Debug|Any CPU
		{F6DDCCAD-3A97-4712-8E84-3F17717F95D1}.Release|Any CPU.ActiveCfg = Release|Any CPU
		{F6DDCCAD-3A97-4712-8E84-3F17717F95D1}.Release|Any CPU.Build.0 = Release|Any CPU
		{EA3C100F-667A-4F5D-BF72-A6A3BA6BCE22}.Debug|Any CPU.ActiveCfg = Debug|Any CPU
		{EA3C100F-667A-4F5D-BF72-A6A3BA6BCE22}.Debug|Any CPU.Build.0 = Debug|Any CPU
		{EA3C100F-667A-4F5D-BF72-A6A3BA6BCE22}.Release|Any CPU.ActiveCfg = Release|Any CPU
		{EA3C100F-667A-4F5D-BF72-A6A3BA6BCE22}.Release|Any CPU.Build.0 = Release|Any CPU
		{CAE0E919-5B0A-4877-AA81-8694B34572C9}.Debug|Any CPU.ActiveCfg = Debug|Any CPU
		{CAE0E919-5B0A-4877-AA81-8694B34572C9}.Debug|Any CPU.Build.0 = Debug|Any CPU
		{CAE0E919-5B0A-4877-AA81-8694B34572C9}.Release|Any CPU.ActiveCfg = Release|Any CPU
		{CAE0E919-5B0A-4877-AA81-8694B34572C9}.Release|Any CPU.Build.0 = Release|Any CPU
		{09323AC6-7D86-469F-9E8C-65941EAB26E2}.Debug|Any CPU.ActiveCfg = Debug|Any CPU
		{09323AC6-7D86-469F-9E8C-65941EAB26E2}.Debug|Any CPU.Build.0 = Debug|Any CPU
		{09323AC6-7D86-469F-9E8C-65941EAB26E2}.Release|Any CPU.ActiveCfg = Release|Any CPU
		{09323AC6-7D86-469F-9E8C-65941EAB26E2}.Release|Any CPU.Build.0 = Release|Any CPU
		{0E47D06F-6ED7-45EC-BE9F-BBDEBA28536B}.Debug|Any CPU.ActiveCfg = Debug|Any CPU
		{0E47D06F-6ED7-45EC-BE9F-BBDEBA28536B}.Debug|Any CPU.Build.0 = Debug|Any CPU
		{0E47D06F-6ED7-45EC-BE9F-BBDEBA28536B}.Release|Any CPU.ActiveCfg = Release|Any CPU
		{0E47D06F-6ED7-45EC-BE9F-BBDEBA28536B}.Release|Any CPU.Build.0 = Release|Any CPU
		{519D3C98-4912-4B56-9B6F-92D569F9A2C8}.Debug|Any CPU.ActiveCfg = Debug|Any CPU
		{519D3C98-4912-4B56-9B6F-92D569F9A2C8}.Debug|Any CPU.Build.0 = Debug|Any CPU
		{519D3C98-4912-4B56-9B6F-92D569F9A2C8}.Release|Any CPU.ActiveCfg = Release|Any CPU
		{519D3C98-4912-4B56-9B6F-92D569F9A2C8}.Release|Any CPU.Build.0 = Release|Any CPU
		{83000670-5C3E-4C90-A9E7-8D11520DB022}.Debug|Any CPU.ActiveCfg = Debug|Any CPU
		{83000670-5C3E-4C90-A9E7-8D11520DB022}.Debug|Any CPU.Build.0 = Debug|Any CPU
		{83000670-5C3E-4C90-A9E7-8D11520DB022}.Release|Any CPU.ActiveCfg = Release|Any CPU
		{83000670-5C3E-4C90-A9E7-8D11520DB022}.Release|Any CPU.Build.0 = Release|Any CPU
		{72B19068-3A76-40BF-88C9-C3D97CCE9927}.Debug|Any CPU.ActiveCfg = Debug|Any CPU
		{72B19068-3A76-40BF-88C9-C3D97CCE9927}.Debug|Any CPU.Build.0 = Debug|Any CPU
		{72B19068-3A76-40BF-88C9-C3D97CCE9927}.Release|Any CPU.ActiveCfg = Release|Any CPU
		{72B19068-3A76-40BF-88C9-C3D97CCE9927}.Release|Any CPU.Build.0 = Release|Any CPU
		{E67932DE-4B59-447A-A464-B45E480E45A5}.Debug|Any CPU.ActiveCfg = Debug|Any CPU
		{E67932DE-4B59-447A-A464-B45E480E45A5}.Debug|Any CPU.Build.0 = Debug|Any CPU
		{E67932DE-4B59-447A-A464-B45E480E45A5}.Release|Any CPU.ActiveCfg = Release|Any CPU
		{E67932DE-4B59-447A-A464-B45E480E45A5}.Release|Any CPU.Build.0 = Release|Any CPU
	EndGlobalSection
	GlobalSection(SolutionProperties) = preSolution
		HideSolutionNode = FALSE
	EndGlobalSection
	GlobalSection(ExtensibilityGlobals) = postSolution
		SolutionGuid = {6B23194F-5500-424B-AE52-78D14C4F7EE4}
	EndGlobalSection
EndGlobal
